
Microsoft Visual Studio Solution File, Format Version 12.00
# Visual Studio Version 16
VisualStudioVersion = 16.0.31729.503
MinimumVisualStudioVersion = 10.0.40219.1
Project("{FAE04EC0-301F-11D3-BF4B-00C04F79EFBC}") = "WpfDay01", "WpfDay01\WpfDay01.csproj", "{3ED734BB-E9F4-4C35-BD10-B184059B05C8}"
EndProject
Global
	GlobalSection(SolutionConfigurationPlatforms) = preSolution
		Debug|Any CPU = Debug|Any CPU
		Release|Any CPU = Release|Any CPU
	EndGlobalSection
	GlobalSection(ProjectConfigurationPlatforms) = postSolution
		{3ED734BB-E9F4-4C35-BD10-B184059B05C8}.Debug|Any CPU.ActiveCfg = Debug|Any CPU
		{3ED734BB-E9F4-4C35-BD10-B184059B05C8}.Debug|Any CPU.Build.0 = Debug|Any CPU
		{3ED734BB-E9F4-4C35-BD10-B184059B05C8}.Release|Any CPU.ActiveCfg = Release|Any CPU
		{3ED734BB-E9F4-4C35-BD10-B184059B05C8}.Release|Any CPU.Build.0 = Release|Any CPU
	EndGlobalSection
	GlobalSection(SolutionProperties) = preSolution
		HideSolutionNode = FALSE
	EndGlobalSection
	GlobalSection(ExtensibilityGlobals) = postSolution
		SolutionGuid = {3E1DD046-8E35-4EEA-89A5-3BE363F1D7CD}
	EndGlobalSection
EndGlobal
